schema: '2.0'
stages:
  preprocess:
    cmd: python src/data/preprocess.py
    deps:
    - path: data/raw/medeasy_cleaned_database.csv
      hash: md5
      md5: 61336d17d3de51fe0062cceb9dfdac92
      size: 20129222
    - path: src/data/preprocess.py
      hash: md5
      md5: 4826bbf8471a846abed1ee1ec30194cc
      size: 4606
    params:
      params.yaml:
        preprocessing:
          text_cols:
          - indications
          - mode_of_action
          - contraindications
          - side_effects
          - interactions
          - precautions
          - dosage
          - generic_name
          fill_value: not specified
    outs:
    - path: data/processed/medeasy_processed.csv
      hash: md5
      md5: cfeb732517a2d44477c8ab1109cbf39c
      size: 24145325
  generate_embeddings:
    cmd: python src/features/generate_embeddings.py
    deps:
    - path: data/processed/medeasy_processed.csv
      hash: md5
      md5: cfeb732517a2d44477c8ab1109cbf39c
      size: 24145325
    - path: src/features/generate_embeddings.py
      hash: md5
      md5: 4194f3da8f0908f9d83ca8f97c21bffb
      size: 4922
    params:
      params.yaml:
        features.batch_size: 64
        features.model_name: sentence-transformers/all-MiniLM-L6-v2
        features.normalize_embeddings: true
        features.top_k: 10
    outs:
    - path: data/features/embeddings.pkl
      hash: md5
      md5: 8f130a0b6f0a1d4e32f087c849e01479
      size: 3907825
    - path: data/features/medicine_index.pkl
      hash: md5
      md5: 6667e83e7a6a1c7aa53aa9dc9e468479
      size: 49414
    - path: data/features/model_metadata.json
      hash: md5
      md5: 05f5e6182181efc4414acc00c9b4c171
      size: 155
  train:
    cmd: python src/models/train.py
    deps:
    - path: data/features/embeddings.pkl
      hash: md5
      md5: 8f130a0b6f0a1d4e32f087c849e01479
      size: 3907825
    - path: data/features/medicine_index.pkl
      hash: md5
      md5: 6667e83e7a6a1c7aa53aa9dc9e468479
      size: 49414
    - path: src/models/train.py
      hash: md5
      md5: a2a906353747decdb32d9c80338ed07c
      size: 11138
    params:
      params.yaml:
        model.min_score_threshold: 0.25
        model.similarity_metric: cosine
    outs:
    - path: metrics/scores.json
      hash: md5
      md5: 756c0022141659bc0477f00c562ab8e7
      size: 160
    - path: models/recommender.pkl
      hash: md5
      md5: 6ceccaaba9574b2a33c9ae9614c3a956
      size: 22733909
